// !$*UTF8*$!
{
	archiveVersion = 1;
	classes = {
	};
	objectVersion = 50;
	objects = {

/* Begin PBXBuildFile section */
		045AFC8325225D47000E803D /* AppDelegate.swift in Sources */ = {isa = PBXBuildFile; fileRef = 045AFC8225225D47000E803D /* AppDelegate.swift */; };
		045AFC8525225D47000E803D /* SceneDelegate.swift in Sources */ = {isa = PBXBuildFile; fileRef = 045AFC8425225D47000E803D /* SceneDelegate.swift */; };
		045AFC8725225D47000E803D /* PeopleViewController.swift in Sources */ = {isa = PBXBuildFile; fileRef = 045AFC8625225D47000E803D /* PeopleViewController.swift */; };
		045AFC8A25225D47000E803D /* Main.storyboard in Resources */ = {isa = PBXBuildFile; fileRef = 045AFC8825225D47000E803D /* Main.storyboard */; };
		045AFC8C25225D48000E803D /* Assets.xcassets in Resources */ = {isa = PBXBuildFile; fileRef = 045AFC8B25225D48000E803D /* Assets.xcassets */; };
		045AFC8F25225D48000E803D /* LaunchScreen.storyboard in Resources */ = {isa = PBXBuildFile; fileRef = 045AFC8D25225D48000E803D /* LaunchScreen.storyboard */; };
		04C1A5942523AFE100793ABD /* PersonCell.swift in Sources */ = {isa = PBXBuildFile; fileRef = 04C1A5932523AFE100793ABD /* PersonCell.swift */; };
		04C1A5962523B04700793ABD /* Person.swift in Sources */ = {isa = PBXBuildFile; fileRef = 04C1A5952523B04700793ABD /* Person.swift */; };
/* End PBXBuildFile section */

/* Begin PBXFileReference section */
		045AFC7F25225D47000E803D /* ExpandingCollectionViewCell.app */ = {isa = PBXFileReference; explicitFileType = wrapper.application; includeInIndex = 0; path = ExpandingCollectionViewCell.app; sourceTree = BUILT_PRODUCTS_DIR; };
		045AFC8225225D47000E803D /* AppDelegate.swift */ = {isa = PBXFileReference; lastKnownFileType = sourcecode.swift; path = AppDelegate.swift; sourceTree = "<group>"; };
		045AFC8425225D47000E803D /* SceneDelegate.swift */ = {isa = PBXFileReference; lastKnownFileType = sourcecode.swift; path = SceneDelegate.swift; sourceTree = "<group>"; };
		045AFC8625225D47000E803D /* PeopleViewController.swift */ = {isa = PBXFileReference; lastKnownFileType = sourcecode.swift; path = PeopleViewController.swift; sourceTree = "<group>"; };
		045AFC8925225D47000E803D /* Base */ = {isa = PBXFileReference; lastKnownFileType = file.storyboard; name = Base; path = Base.lproj/Main.storyboard; sourceTree = "<group>"; };
		045AFC8B25225D48000E803D /* Assets.xcassets */ = {isa = PBXFileReference; lastKnownFileType = folder.assetcatalog; path = Assets.xcassets; sourceTree = "<group>"; };
		045AFC8E25225D48000E803D /* Base */ = {isa = PBXFileReference; lastKnownFileType = file.storyboard; name = Base; path = Base.lproj/LaunchScreen.storyboard; sourceTree = "<group>"; };
		045AFC9025225D48000E803D /* Info.plist */ = {isa = PBXFileReference; lastKnownFileType = text.plist.xml; path = Info.plist; sourceTree = "<group>"; };
		04C1A5932523AFE100793ABD /* PersonCell.swift */ = {isa = PBXFileReference; lastKnownFileType = sourcecode.swift; path = PersonCell.swift; sourceTree = "<group>"; };
		04C1A5952523B04700793ABD /* Person.swift */ = {isa = PBXFileReference; lastKnownFileType = sourcecode.swift; path = Person.swift; sourceTree = "<group>"; };
/* End PBXFileReference section */

/* Begin PBXFrameworksBuildPhase section */
		045AFC7C25225D47000E803D /* Frameworks */ = {
			isa = PBXFrameworksBuildPhase;
			buildActionMask = 2147483647;
			files = (
			);
			runOnlyForDeploymentPostprocessing = 0;
		};
/* End PBXFrameworksBuildPhase section */

/* Begin PBXGroup section */
		045AFC7625225D46000E803D = {
			isa = PBXGroup;
			children = (
				045AFC8125225D47000E803D /* ExpandingCollectionViewCell */,
				045AFC8025225D47000E803D /* Products */,
			);
			sourceTree = "<group>";
		};
		045AFC8025225D47000E803D /* Products */ = {
			isa = PBXGroup;
			children = (
				045AFC7F25225D47000E803D /* ExpandingCollectionViewCell.app */,
			);
			name = Products;
			sourceTree = "<group>";
		};
		045AFC8125225D47000E803D /* ExpandingCollectionViewCell */ = {
			isa = PBXGroup;
			children = (
				04C1A5972523BE1E00793ABD /* App */,
				04C1A5952523B04700793ABD /* Person.swift */,
				045AFC8625225D47000E803D /* PeopleViewController.swift */,
				04C1A5932523AFE100793ABD /* PersonCell.swift */,
				045AFC8825225D47000E803D /* Main.storyboard */,
			);
			path = ExpandingCollectionViewCell;
			sourceTree = "<group>";
		};
		04C1A5972523BE1E00793ABD /* App */ = {
			isa = PBXGroup;
			children = (
				045AFC8225225D47000E803D /* AppDelegate.swift */,
				045AFC8425225D47000E803D /* SceneDelegate.swift */,
				045AFC8B25225D48000E803D /* Assets.xcassets */,
				045AFC8D25225D48000E803D /* LaunchScreen.storyboard */,
				045AFC9025225D48000E803D /* Info.plist */,
			);
			path = App;
			sourceTree = "<group>";
		};
/* End PBXGroup section */

/* Begin PBXNativeTarget section */
		045AFC7E25225D47000E803D /* ExpandingCollectionViewCell */ = {
			isa = PBXNativeTarget;
			buildConfigurationList = 045AFC9E25225D49000E803D /* Build configuration list for PBXNativeTarget "ExpandingCollectionViewCell" */;
			buildPhases = (
				045AFC7B25225D47000E803D /* Sources */,
				045AFC7C25225D47000E803D /* Frameworks */,
				045AFC7D25225D47000E803D /* Resources */,
			);
			buildRules = (
			);
			dependencies = (
			);
			name = ExpandingCollectionViewCell;
			packageProductDependencies = (
			);
			productName = ExpandingCollectionViewCell;
			productReference = 045AFC7F25225D47000E803D /* ExpandingCollectionViewCell.app */;
			productType = "com.apple.product-type.application";
		};
/* End PBXNativeTarget section */

/* Begin PBXProject section */
		045AFC7725225D46000E803D /* Project object */ = {
			isa = PBXProject;
			attributes = {
				LastSwiftUpdateCheck = 1160;
				LastUpgradeCheck = 1160;
				ORGANIZATIONNAME = "Swift Student";
				TargetAttributes = {
					045AFC7E25225D47000E803D = {
						CreatedOnToolsVersion = 11.6;
					};
				};
			};
			buildConfigurationList = 045AFC7A25225D46000E803D /* Build configuration list for PBXProject "ExpandingCollectionViewCell" */;
			compatibilityVersion = "Xcode 9.3";
			developmentRegion = en;
			hasScannedForEncodings = 0;
			knownRegions = (
				en,
				Base,
			);
			mainGroup = 045AFC7625225D46000E803D;
			packageReferences = (
			);
			productRefGroup = 045AFC8025225D47000E803D /* Products */;
			projectDirPath = "";
			projectRoot = "";
			targets = (
				045AFC7E25225D47000E803D /* ExpandingCollectionViewCell */,
			);
		};
/* End PBXProject section */

/* Begin PBXResourcesBuildPhase section */
		045AFC7D25225D47000E803D /* Resources */ = {
			isa = PBXResourcesBuildPhase;
			buildActionMask = 2147483647;
			files = (
				045AFC8F25225D48000E803D /* LaunchScreen.storyboard in Resources */,
				045AFC8C25225D48000E803D /* Assets.xcassets in Resources */,
				045AFC8A25225D47000E803D /* Main.storyboard in Resources */,
			);
			runOnlyForDeploymentPostprocessing = 0;
		};
/* End PBXResourcesBuildPhase section */

/* Begin PBXSourcesBuildPhase section */
		045AFC7B25225D47000E803D /* Sources */ = {
			isa = PBXSourcesBuildPhase;
			buildActionMask = 2147483647;
			files = (
				04C1A5962523B04700793ABD /* Person.swift in Sources */,
				045AFC8725225D47000E803D /* PeopleViewController.swift in Sources */,
				045AFC8325225D47000E803D /* AppDelegate.swift in Sources */,
				04C1A5942523AFE100793ABD /* PersonCell.swift in Sources */,
				045AFC8525225D47000E803D /* SceneDelegate.swift in Sources */,
			);
			runOnlyForDeploymentPostprocessing = 0;
		};
/* End PBXSourcesBuildPhase section */

/* Begin PBXVariantGroup section */
		045AFC8825225D47000E803D /* Main.storyboard */ = {
			isa = PBXVariantGroup;
			children = (
				045AFC8925225D47000E803D /* Base */,
			);
			name = Main.storyboard;
			sourceTree = "<group>";
		};
		045AFC8D25225D48000E803D /* LaunchScreen.storyboard */ = {
			isa = PBXVariantGroup;
			children = (
				045AFC8E25225D48000E803D /* Base */,
			);
			name = LaunchScreen.storyboard;
			sourceTree = "<group>";
		};
/* End PBXVariantGroup section */

/* Begin XCBuildConfiguration section */
		045AFC9C25225D49000E803D /* Debug */ = {
			isa = XCBuildConfiguration;
			buildSettings = {
				ALWAYS_SEARCH_USER_PATHS = NO;
				CLANG_ANALYZER_NONNULL = YES;
				CLANG_ANALYZER_NUMBER_OBJECT_CONVERSION = YES_AGGRESSIVE;
				CLANG_CXX_LANGUAGE_STANDARD = "gnu++14";
				CLANG_CXX_LIBRARY = "libc++";
				CLANG_ENABLE_MODULES = YES;
				CLANG_ENABLE_OBJC_ARC = YES;
				CLANG_ENABLE_OBJC_WEAK = YES;
				CLANG_WARN_BLOCK_CAPTURE_AUTORELEASING = YES;
				CLANG_WARN_BOOL_CONVERSION = YES;
				CLANG_WARN_COMMA = YES;
				CLANG_WARN_CONSTANT_CONVERSION = YES;
				CLANG_WARN_DEPRECATED_OBJC_IMPLEMENTATIONS = YES;
				CLANG_WARN_DIRECT_OBJC_ISA_USAGE = YES_ERROR;
				CLANG_WARN_DOCUMENTATION_COMMENTS = YES;
				CLANG_WARN_EMPTY_BODY = YES;
				CLANG_WARN_ENUM_CONVERSION = YES;
				CLANG_WARN_INFINITE_RECURSION = YES;
				CLANG_WARN_INT_CONVERSION = YES;
				CLANG_WARN_NON_LITERAL_NULL_CONVERSION = YES;
				CLANG_WARN_OBJC_IMPLICIT_RETAIN_SELF = YES;
				CLANG_WARN_OBJC_LITERAL_CONVERSION = YES;
				CLANG_WARN_OBJC_ROOT_CLASS = YES_ERROR;
				CLANG_WARN_RANGE_LOOP_ANALYSIS = YES;
				CLANG_WARN_STRICT_PROTOTYPES = YES;
				CLANG_WARN_SUSPICIOUS_MOVE = YES;
				CLANG_WARN_UNGUARDED_AVAILABILITY = YES_AGGRESSIVE;
				CLANG_WARN_UNREACHABLE_CODE = YES;
				CLANG_WARN__DUPLICATE_METHOD_MATCH = YES;
				COPY_PHASE_STRIP = NO;
				DEBUG_INFORMATION_FORMAT = dwarf;
				ENABLE_STRICT_OBJC_MSGSEND = YES;
				ENABLE_TESTABILITY = YES;
				GCC_C_LANGUAGE_STANDARD = gnu11;
				GCC_DYNAMIC_NO_PIC = NO;
				GCC_NO_COMMON_BLOCKS = YES;
				GCC_OPTIMIZATION_LEVEL = 0;
				GCC_PREPROCESSOR_DEFINITIONS = (
					"DEBUG=1",
					"$(inherited)",
				);
				GCC_WARN_64_TO_32_BIT_CONVERSION = YES;
				GCC_WARN_ABOUT_RETURN_TYPE = YES_ERROR;
				GCC_WARN_UNDECLARED_SELECTOR = YES;
				GCC_WARN_UNINITIALIZED_AUTOS = YES_AGGRESSIVE;
				GCC_WARN_UNUSED_FUNCTION = YES;
				GCC_WARN_UNUSED_VARIABLE = YES;
				IPHONEOS_DEPLOYMENT_TARGET = 13.6;
				MTL_ENABLE_DEBUG_INFO = INCLUDE_SOURCE;
				MTL_FAST_MATH = YES;
				ONLY_ACTIVE_ARCH = YES;
				SDKROOT = iphoneos;
				SWIFT_ACTIVE_COMPILATION_CONDITIONS = DEBUG;
				SWIFT_OPTIMIZATION_LEVEL = "-Onone";
			};
			name = Debug;
		};
		045AFC9D25225D49000E803D /* Release */ = {
			isa = XCBuildConfiguration;
			buildSettings = {
				ALWAYS_SEARCH_USER_PATHS = NO;
				CLANG_ANALYZER_NONNULL = YES;
				CLANG_ANALYZER_NUMBER_OBJECT_CONVERSION = YES_AGGRESSIVE;
				CLANG_CXX_LANGUAGE_STANDARD = "gnu++14";
				CLANG_CXX_LIBRARY = "libc++";
				CLANG_ENABLE_MODULES = YES;
				CLANG_ENABLE_OBJC_ARC = YES;
				CLANG_ENABLE_OBJC_WEAK = YES;
				CLANG_WARN_BLOCK_CAPTURE_AUTORELEASING = YES;
				CLANG_WARN_BOOL_CONVERSION = YES;
				CLANG_WARN_COMMA = YES;
				CLANG_WARN_CONSTANT_CONVERSION = YES;
				CLANG_WARN_DEPRECATED_OBJC_IMPLEMENTATIONS = YES;
				CLANG_WARN_DIRECT_OBJC_ISA_USAGE = YES_ERROR;
				CLANG_WARN_DOCUMENTATION_COMMENTS = YES;
				CLANG_WARN_EMPTY_BODY = YES;
				CLANG_WARN_ENUM_CONVERSION = YES;
				CLANG_WARN_INFINITE_RECURSION = YES;
				CLANG_WARN_INT_CONVERSION = YES;
				CLANG_WARN_NON_LITERAL_NULL_CONVERSION = YES;
				CLANG_WARN_OBJC_IMPLICIT_RETAIN_SELF = YES;
				CLANG_WARN_OBJC_LITERAL_CONVERSION = YES;
				CLANG_WARN_OBJC_ROOT_CLASS = YES_ERROR;
				CLANG_WARN_RANGE_LOOP_ANALYSIS = YES;
				CLANG_WARN_STRICT_PROTOTYPES = YES;
				CLANG_WARN_SUSPICIOUS_MOVE = YES;
				CLANG_WARN_UNGUARDED_AVAILABILITY = YES_AGGRESSIVE;
				CLANG_WARN_UNREACHABLE_CODE = YES;
				CLANG_WARN__DUPLICATE_METHOD_MATCH = YES;
				COPY_PHASE_STRIP = NO;
				DEBUG_INFORMATION_FORMAT = "dwarf-with-dsym";
				ENABLE_NS_ASSERTIONS = NO;
				ENABLE_STRICT_OBJC_MSGSEND = YES;
				GCC_C_LANGUAGE_STANDARD = gnu11;
				GCC_NO_COMMON_BLOCKS = YES;
				GCC_WARN_64_TO_32_BIT_CONVERSION = YES;
				GCC_WARN_ABOUT_RETURN_TYPE = YES_ERROR;
				GCC_WARN_UNDECLARED_SELECTOR = YES;
				GCC_WARN_UNINITIALIZED_AUTOS = YES_AGGRESSIVE;
				GCC_WARN_UNUSED_FUNCTION = YES;
				GCC_WARN_UNUSED_VARIABLE = YES;
				IPHONEOS_DEPLOYMENT_TARGET = 13.6;
				MTL_ENABLE_DEBUG_INFO = NO;
				MTL_FAST_MATH = YES;
				SDKROOT = iphoneos;
				SWIFT_COMPILATION_MODE = wholemodule;
				SWIFT_OPTIMIZATION_LEVEL = "-O";
				VALIDATE_PRODUCT = YES;
			};
			name = Release;
		};
		045AFC9F25225D49000E803D /* Debug */ = {
			isa = XCBuildConfiguration;
			buildSettings = {
				ASSETCATALOG_COMPILER_APPICON_NAME = AppIcon;
				CODE_SIGN_STYLE = Automatic;
				DEVELOPMENT_TEAM = 94ZMA2MYR4;
				INFOPLIST_FILE = ExpandingCollectionViewCell/App/Info.plist;
				LD_RUNPATH_SEARCH_PATHS = (
					"$(inherited)",
					"@executable_path/Frameworks",
				);
				PRODUCT_BUNDLE_IDENTIFIER = com.swiftstudent.ExpandingCollectionViewCell;
				PRODUCT_NAME = "$(TARGET_NAME)";
				SWIFT_VERSION = 5.0;
				TARGETED_DEVICE_FAMILY = "1,2";
			};
			name = Debug;
		};
		045AFCA025225D49000E803D /* Release */ = {
			isa = XCBuildConfiguration;
			buildSettings = {
				ASSETCATALOG_COMPILER_APPICON_NAME = AppIcon;
				CODE_SIGN_STYLE = Automatic;
				DEVELOPMENT_TEAM = 94ZMA2MYR4;
				INFOPLIST_FILE = ExpandingCollectionViewCell/App/Info.plist;
				LD_RUNPATH_SEARCH_PATHS = (
					"$(inherited)",
					"@executable_path/Frameworks",
				);
				PRODUCT_BUNDLE_IDENTIFIER = com.swiftstudent.ExpandingCollectionViewCell;
				PRODUCT_NAME = "$(TARGET_NAME)";
				SWIFT_VERSION = 5.0;
				TARGETED_DEVICE_FAMILY = "1,2";
			};
			name = Release;
		};
/* End XCBuildConfiguration section */

/* Begin XCConfigurationList section */
		045AFC7A25225D46000E803D /* Build configuration list for PBXProject "ExpandingCollectionViewCell" */ = {
			isa = XCConfigurationList;
			buildConfigurations = (
				045AFC9C25225D49000E803D /* Debug */,
				045AFC9D25225D49000E803D /* Release */,
			);
			defaultConfigurationIsVisible = 0;
			defaultConfigurationName = Release;
		};
		045AFC9E25225D49000E803D /* Build configuration list for PBXNativeTarget "ExpandingCollectionViewCell" */ = {
			isa = XCConfigurationList;
			buildConfigurations = (
				045AFC9F25225D49000E803D /* Debug */,
				045AFCA025225D49000E803D /* Release */,
			);
			defaultConfigurationIsVisible = 0;
			defaultConfigurationName = Release;
		};
/* End XCConfigurationList section */
	};
	rootObject = 045AFC7725225D46000E803D /* Project object */;
}
